
Microsoft Visual Studio Solution File, Format Version 12.00
# Visual Studio Version 16
VisualStudioVersion = 16.0.29911.84
MinimumVisualStudioVersion = 10.0.40219.1
Project("{8BC9CEB8-8B4A-11D0-8D11-00A0C91BC942}") = "ConsoleApplication1", "ConsoleApplication1\ConsoleApplication1.vcxproj", "{ECFABC7A-A916-474C-8D9C-CE1EC1240C0F}"
EndProject
Global
	GlobalSection(SolutionConfigurationPlatforms) = preSolution
		Debug|x64 = Debug|x64
		Debug|x86 = Debug|x86
		Release|x64 = Release|x64
		Release|x86 = Release|x86
	EndGlobalSection
	GlobalSection(ProjectConfigurationPlatforms) = postSolution
		{ECFABC7A-A916-474C-8D9C-CE1EC1240C0F}.Debug|x64.ActiveCfg = Debug|x64
		{ECFABC7A-A916-474C-8D9C-CE1EC1240C0F}.Debug|x64.Build.0 = Debug|x64
		{ECFABC7A-A916-474C-8D9C-CE1EC1240C0F}.Debug|x86.ActiveCfg = Debug|Win32
		{ECFABC7A-A916-474C-8D9C-CE1EC1240C0F}.Debug|x86.Build.0 = Debug|Win32
		{ECFABC7A-A916-474C-8D9C-CE1EC1240C0F}.Release|x64.ActiveCfg = Release|x64
		{ECFABC7A-A916-474C-8D9C-CE1EC1240C0F}.Release|x64.Build.0 = Release|x64
		{ECFABC7A-A916-474C-8D9C-CE1EC1240C0F}.Release|x86.ActiveCfg = Release|Win32
		{ECFABC7A-A916-474C-8D9C-CE1EC1240C0F}.Release|x86.Build.0 = Release|Win32
	EndGlobalSection
	GlobalSection(SolutionProperties) = preSolution
		HideSolutionNode = FALSE
	EndGlobalSection
	GlobalSection(ExtensibilityGlobals) = postSolution
		SolutionGuid = {CB6243D2-526B-42D4-90D6-B213957D5523}
	EndGlobalSection
EndGlobal
